
Microsoft Visual Studio Solution File, Format Version 12.00
# Visual Studio Version 17
VisualStudioVersion = 17.4.33213.308
MinimumVisualStudioVersion = 10.0.40219.1
Project("{FAE04EC0-301F-11D3-BF4B-00C04F79EFBC}") = "HT13", "HT13\HT13.csproj", "{F76A75D2-CAA9-4DAD-9A42-47A675B6D3D1}"
EndProject
Global
	GlobalSection(SolutionConfigurationPlatforms) = preSolution
		Debug|Any CPU = Debug|Any CPU
		Release|Any CPU = Release|Any CPU
	EndGlobalSection
	GlobalSection(ProjectConfigurationPlatforms) = postSolution
		{F76A75D2-CAA9-4DAD-9A42-47A675B6D3D1}.Debug|Any CPU.ActiveCfg = Debug|Any CPU
		{F76A75D2-CAA9-4DAD-9A42-47A675B6D3D1}.Debug|Any CPU.Build.0 = Debug|Any CPU
		{F76A75D2-CAA9-4DAD-9A42-47A675B6D3D1}.Release|Any CPU.ActiveCfg = Release|Any CPU
		{F76A75D2-CAA9-4DAD-9A42-47A675B6D3D1}.Release|Any CPU.Build.0 = Release|Any CPU
	EndGlobalSection
	GlobalSection(SolutionProperties) = preSolution
		HideSolutionNode = FALSE
	EndGlobalSection
	GlobalSection(ExtensibilityGlobals) = postSolution
		SolutionGuid = {56BBA23F-FFA2-4CA9-813B-0C22F558EDF9}
	EndGlobalSection
EndGlobal
